// !$*UTF8*$!
{
	archiveVersion = 1;
	classes = {
	};
	objectVersion = 56;
	objects = {

/* Begin PBXBuildFile section */
		FA1149A5297FA2CB00B5C8C8 /* AppDelegate.swift in Sources */ = {isa = PBXBuildFile; fileRef = FA1149A4297FA2CB00B5C8C8 /* AppDelegate.swift */; };
		FA1149A7297FA2CB00B5C8C8 /* SceneDelegate.swift in Sources */ = {isa = PBXBuildFile; fileRef = FA1149A6297FA2CB00B5C8C8 /* SceneDelegate.swift */; };
		FA1149A9297FA2CB00B5C8C8 /* ViewController.swift in Sources */ = {isa = PBXBuildFile; fileRef = FA1149A8297FA2CB00B5C8C8 /* ViewController.swift */; };
		FA1149AC297FA2CB00B5C8C8 /* Main.storyboard in Resources */ = {isa = PBXBuildFile; fileRef = FA1149AA297FA2CB00B5C8C8 /* Main.storyboard */; };
		FA1149AE297FA2CC00B5C8C8 /* Assets.xcassets in Resources */ = {isa = PBXBuildFile; fileRef = FA1149AD297FA2CC00B5C8C8 /* Assets.xcassets */; };
		FA1149B1297FA2CC00B5C8C8 /* LaunchScreen.storyboard in Resources */ = {isa = PBXBuildFile; fileRef = FA1149AF297FA2CC00B5C8C8 /* LaunchScreen.storyboard */; };
		FA1149BC297FA2CC00B5C8C8 /* iosAppTests.swift in Sources */ = {isa = PBXBuildFile; fileRef = FA1149BB297FA2CC00B5C8C8 /* iosAppTests.swift */; };
		FA1149C6297FA2CC00B5C8C8 /* iosAppUITests.swift in Sources */ = {isa = PBXBuildFile; fileRef = FA1149C5297FA2CC00B5C8C8 /* iosAppUITests.swift */; };
		FA1149C8297FA2CC00B5C8C8 /* iosAppUITestsLaunchTests.swift in Sources */ = {isa = PBXBuildFile; fileRef = FA1149C7297FA2CC00B5C8C8 /* iosAppUITestsLaunchTests.swift */; };
/* End PBXBuildFile section */

/* Begin PBXContainerItemProxy section */
		FA1149B8297FA2CC00B5C8C8 /* PBXContainerItemProxy */ = {
			isa = PBXContainerItemProxy;
			containerPortal = FA114999297FA2CB00B5C8C8 /* Project object */;
			proxyType = 1;
			remoteGlobalIDString = FA1149A0297FA2CB00B5C8C8;
			remoteInfo = iosApp;
		};
		FA1149C2297FA2CC00B5C8C8 /* PBXContainerItemProxy */ = {
			isa = PBXContainerItemProxy;
			containerPortal = FA114999297FA2CB00B5C8C8 /* Project object */;
			proxyType = 1;
			remoteGlobalIDString = FA1149A0297FA2CB00B5C8C8;
			remoteInfo = iosApp;
		};
/* End PBXContainerItemProxy section */

/* Begin PBXFileReference section */
		FA1149A1297FA2CB00B5C8C8 /* iosApp.app */ = {isa = PBXFileReference; explicitFileType = wrapper.application; includeInIndex = 0; path = iosApp.app; sourceTree = BUILT_PRODUCTS_DIR; };
		FA1149A4297FA2CB00B5C8C8 /* AppDelegate.swift */ = {isa = PBXFileReference; lastKnownFileType = sourcecode.swift; path = AppDelegate.swift; sourceTree = "<group>"; };
		FA1149A6297FA2CB00B5C8C8 /* SceneDelegate.swift */ = {isa = PBXFileReference; lastKnownFileType = sourcecode.swift; path = SceneDelegate.swift; sourceTree = "<group>"; };
		FA1149A8297FA2CB00B5C8C8 /* ViewController.swift */ = {isa = PBXFileReference; lastKnownFileType = sourcecode.swift; path = ViewController.swift; sourceTree = "<group>"; };
		FA1149AB297FA2CB00B5C8C8 /* Base */ = {isa = PBXFileReference; lastKnownFileType = file.storyboard; name = Base; path = Base.lproj/Main.storyboard; sourceTree = "<group>"; };
		FA1149AD297FA2CC00B5C8C8 /* Assets.xcassets */ = {isa = PBXFileReference; lastKnownFileType = folder.assetcatalog; path = Assets.xcassets; sourceTree = "<group>"; };
		FA1149B0297FA2CC00B5C8C8 /* Base */ = {isa = PBXFileReference; lastKnownFileType = file.storyboard; name = Base; path = Base.lproj/LaunchScreen.storyboard; sourceTree = "<group>"; };
		FA1149B2297FA2CC00B5C8C8 /* Info.plist */ = {isa = PBXFileReference; lastKnownFileType = text.plist.xml; path = Info.plist; sourceTree = "<group>"; };
		FA1149B7297FA2CC00B5C8C8 /* iosAppTests.xctest */ = {isa = PBXFileReference; explicitFileType = wrapper.cfbundle; includeInIndex = 0; path = iosAppTests.xctest; sourceTree = BUILT_PRODUCTS_DIR; };
		FA1149BB297FA2CC00B5C8C8 /* iosAppTests.swift */ = {isa = PBXFileReference; lastKnownFileType = sourcecode.swift; path = iosAppTests.swift; sourceTree = "<group>"; };
		FA1149C1297FA2CC00B5C8C8 /* iosAppUITests.xctest */ = {isa = PBXFileReference; explicitFileType = wrapper.cfbundle; includeInIndex = 0; path = iosAppUITests.xctest; sourceTree = BUILT_PRODUCTS_DIR; };
		FA1149C5297FA2CC00B5C8C8 /* iosAppUITests.swift */ = {isa = PBXFileReference; lastKnownFileType = sourcecode.swift; path = iosAppUITests.swift; sourceTree = "<group>"; };
		FA1149C7297FA2CC00B5C8C8 /* iosAppUITestsLaunchTests.swift */ = {isa = PBXFileReference; lastKnownFileType = sourcecode.swift; path = iosAppUITestsLaunchTests.swift; sourceTree = "<group>"; };
/* End PBXFileReference section */

/* Begin PBXFrameworksBuildPhase section */
		FA11499E297FA2CB00B5C8C8 /* Frameworks */ = {
			isa = PBXFrameworksBuildPhase;
			buildActionMask = 2147483647;
			files = (
			);
			runOnlyForDeploymentPostprocessing = 0;
		};
		FA1149B4297FA2CC00B5C8C8 /* Frameworks */ = {
			isa = PBXFrameworksBuildPhase;
			buildActionMask = 2147483647;
			files = (
			);
			runOnlyForDeploymentPostprocessing = 0;
		};
		FA1149BE297FA2CC00B5C8C8 /* Frameworks */ = {
			isa = PBXFrameworksBuildPhase;
			buildActionMask = 2147483647;
			files = (
			);
			runOnlyForDeploymentPostprocessing = 0;
		};
/* End PBXFrameworksBuildPhase section */

/* Begin PBXGroup section */
		FA114998297FA2CB00B5C8C8 = {
			isa = PBXGroup;
			children = (
				FA1149A3297FA2CB00B5C8C8 /* iosApp */,
				FA1149BA297FA2CC00B5C8C8 /* iosAppTests */,
				FA1149C4297FA2CC00B5C8C8 /* iosAppUITests */,
				FA1149A2297FA2CB00B5C8C8 /* Products */,
			);
			sourceTree = "<group>";
		};
		FA1149A2297FA2CB00B5C8C8 /* Products */ = {
			isa = PBXGroup;
			children = (
				FA1149A1297FA2CB00B5C8C8 /* iosApp.app */,
				FA1149B7297FA2CC00B5C8C8 /* iosAppTests.xctest */,
				FA1149C1297FA2CC00B5C8C8 /* iosAppUITests.xctest */,
			);
			name = Products;
			sourceTree = "<group>";
		};
		FA1149A3297FA2CB00B5C8C8 /* iosApp */ = {
			isa = PBXGroup;
			children = (
				FA1149A4297FA2CB00B5C8C8 /* AppDelegate.swift */,
				FA1149A6297FA2CB00B5C8C8 /* SceneDelegate.swift */,
				FA1149A8297FA2CB00B5C8C8 /* ViewController.swift */,
				FA1149AA297FA2CB00B5C8C8 /* Main.storyboard */,
				FA1149AD297FA2CC00B5C8C8 /* Assets.xcassets */,
				FA1149AF297FA2CC00B5C8C8 /* LaunchScreen.storyboard */,
				FA1149B2297FA2CC00B5C8C8 /* Info.plist */,
			);
			path = iosApp;
			sourceTree = "<group>";
		};
		FA1149BA297FA2CC00B5C8C8 /* iosAppTests */ = {
			isa = PBXGroup;
			children = (
				FA1149BB297FA2CC00B5C8C8 /* iosAppTests.swift */,
			);
			path = iosAppTests;
			sourceTree = "<group>";
		};
		FA1149C4297FA2CC00B5C8C8 /* iosAppUITests */ = {
			isa = PBXGroup;
			children = (
				FA1149C5297FA2CC00B5C8C8 /* iosAppUITests.swift */,
				FA1149C7297FA2CC00B5C8C8 /* iosAppUITestsLaunchTests.swift */,
			);
			path = iosAppUITests;
			sourceTree = "<group>";
		};
/* End PBXGroup section */

/* Begin PBXNativeTarget section */
		FA1149A0297FA2CB00B5C8C8 /* iosApp */ = {
			isa = PBXNativeTarget;
			buildConfigurationList = FA1149CB297FA2CC00B5C8C8 /* Build configuration list for PBXNativeTarget "iosApp" */;
			buildPhases = (
				FA11499D297FA2CB00B5C8C8 /* Sources */,
				FA11499E297FA2CB00B5C8C8 /* Frameworks */,
				FA11499F297FA2CB00B5C8C8 /* Resources */,
			);
			buildRules = (
			);
			dependencies = (
			);
			name = iosApp;
			productName = iosApp;
			productReference = FA1149A1297FA2CB00B5C8C8 /* iosApp.app */;
			productType = "com.apple.product-type.application";
		};
		FA1149B6297FA2CC00B5C8C8 /* iosAppTests */ = {
			isa = PBXNativeTarget;
			buildConfigurationList = FA1149CE297FA2CC00B5C8C8 /* Build configuration list for PBXNativeTarget "iosAppTests" */;
			buildPhases = (
				FA1149B3297FA2CC00B5C8C8 /* Sources */,
				FA1149B4297FA2CC00B5C8C8 /* Frameworks */,
				FA1149B5297FA2CC00B5C8C8 /* Resources */,
			);
			buildRules = (
			);
			dependencies = (
				FA1149B9297FA2CC00B5C8C8 /* PBXTargetDependency */,
			);
			name = iosAppTests;
			productName = iosAppTests;
			productReference = FA1149B7297FA2CC00B5C8C8 /* iosAppTests.xctest */;
			productType = "com.apple.product-type.bundle.unit-test";
		};
		FA1149C0297FA2CC00B5C8C8 /* iosAppUITests */ = {
			isa = PBXNativeTarget;
			buildConfigurationList = FA1149D1297FA2CC00B5C8C8 /* Build configuration list for PBXNativeTarget "iosAppUITests" */;
			buildPhases = (
				FA1149BD297FA2CC00B5C8C8 /* Sources */,
				FA1149BE297FA2CC00B5C8C8 /* Frameworks */,
				FA1149BF297FA2CC00B5C8C8 /* Resources */,
			);
			buildRules = (
			);
			dependencies = (
				FA1149C3297FA2CC00B5C8C8 /* PBXTargetDependency */,
			);
			name = iosAppUITests;
			productName = iosAppUITests;
			productReference = FA1149C1297FA2CC00B5C8C8 /* iosAppUITests.xctest */;
			productType = "com.apple.product-type.bundle.ui-testing";
		};
/* End PBXNativeTarget section */

/* Begin PBXProject section */
		FA114999297FA2CB00B5C8C8 /* Project object */ = {
			isa = PBXProject;
			attributes = {
				BuildIndependentTargetsInParallel = 1;
				LastSwiftUpdateCheck = 1410;
				LastUpgradeCheck = 1410;
				TargetAttributes = {
					FA1149A0297FA2CB00B5C8C8 = {
						CreatedOnToolsVersion = 14.1;
					};
					FA1149B6297FA2CC00B5C8C8 = {
						CreatedOnToolsVersion = 14.1;
						TestTargetID = FA1149A0297FA2CB00B5C8C8;
					};
					FA1149C0297FA2CC00B5C8C8 = {
						CreatedOnToolsVersion = 14.1;
						TestTargetID = FA1149A0297FA2CB00B5C8C8;
					};
				};
			};
			buildConfigurationList = FA11499C297FA2CB00B5C8C8 /* Build configuration list for PBXProject "iosApp" */;
			compatibilityVersion = "Xcode 14.0";
			developmentRegion = en;
			hasScannedForEncodings = 0;
			knownRegions = (
				en,
				Base,
			);
			mainGroup = FA114998297FA2CB00B5C8C8;
			productRefGroup = FA1149A2297FA2CB00B5C8C8 /* Products */;
			projectDirPath = "";
			projectRoot = "";
			targets = (
				FA1149A0297FA2CB00B5C8C8 /* iosApp */,
				FA1149B6297FA2CC00B5C8C8 /* iosAppTests */,
				FA1149C0297FA2CC00B5C8C8 /* iosAppUITests */,
			);
		};
/* End PBXProject section */

/* Begin PBXResourcesBuildPhase section */
		FA11499F297FA2CB00B5C8C8 /* Resources */ = {
			isa = PBXResourcesBuildPhase;
			buildActionMask = 2147483647;
			files = (
				FA1149B1297FA2CC00B5C8C8 /* LaunchScreen.storyboard in Resources */,
				FA1149AE297FA2CC00B5C8C8 /* Assets.xcassets in Resources */,
				FA1149AC297FA2CB00B5C8C8 /* Main.storyboard in Resources */,
			);
			runOnlyForDeploymentPostprocessing = 0;
		};
		FA1149B5297FA2CC00B5C8C8 /* Resources */ = {
			isa = PBXResourcesBuildPhase;
			buildActionMask = 2147483647;
			files = (
			);
			runOnlyForDeploymentPostprocessing = 0;
		};
		FA1149BF297FA2CC00B5C8C8 /* Resources */ = {
			isa = PBXResourcesBuildPhase;
			buildActionMask = 2147483647;
			files = (
			);
			runOnlyForDeploymentPostprocessing = 0;
		};
/* End PBXResourcesBuildPhase section */

/* Begin PBXSourcesBuildPhase section */
		FA11499D297FA2CB00B5C8C8 /* Sources */ = {
			isa = PBXSourcesBuildPhase;
			buildActionMask = 2147483647;
			files = (
				FA1149A9297FA2CB00B5C8C8 /* ViewController.swift in Sources */,
				FA1149A5297FA2CB00B5C8C8 /* AppDelegate.swift in Sources */,
				FA1149A7297FA2CB00B5C8C8 /* SceneDelegate.swift in Sources */,
			);
			runOnlyForDeploymentPostprocessing = 0;
		};
		FA1149B3297FA2CC00B5C8C8 /* Sources */ = {
			isa = PBXSourcesBuildPhase;
			buildActionMask = 2147483647;
			files = (
				FA1149BC297FA2CC00B5C8C8 /* iosAppTests.swift in Sources */,
			);
			runOnlyForDeploymentPostprocessing = 0;
		};
		FA1149BD297FA2CC00B5C8C8 /* Sources */ = {
			isa = PBXSourcesBuildPhase;
			buildActionMask = 2147483647;
			files = (
				FA1149C8297FA2CC00B5C8C8 /* iosAppUITestsLaunchTests.swift in Sources */,
				FA1149C6297FA2CC00B5C8C8 /* iosAppUITests.swift in Sources */,
			);
			runOnlyForDeploymentPostprocessing = 0;
		};
/* End PBXSourcesBuildPhase section */

/* Begin PBXTargetDependency section */
		FA1149B9297FA2CC00B5C8C8 /* PBXTargetDependency */ = {
			isa = PBXTargetDependency;
			target = FA1149A0297FA2CB00B5C8C8 /* iosApp */;
			targetProxy = FA1149B8297FA2CC00B5C8C8 /* PBXContainerItemProxy */;
		};
		FA1149C3297FA2CC00B5C8C8 /* PBXTargetDependency */ = {
			isa = PBXTargetDependency;
			target = FA1149A0297FA2CB00B5C8C8 /* iosApp */;
			targetProxy = FA1149C2297FA2CC00B5C8C8 /* PBXContainerItemProxy */;
		};
/* End PBXTargetDependency section */

/* Begin PBXVariantGroup section */
		FA1149AA297FA2CB00B5C8C8 /* Main.storyboard */ = {
			isa = PBXVariantGroup;
			children = (
				FA1149AB297FA2CB00B5C8C8 /* Base */,
			);
			name = Main.storyboard;
			sourceTree = "<group>";
		};
		FA1149AF297FA2CC00B5C8C8 /* LaunchScreen.storyboard */ = {
			isa = PBXVariantGroup;
			children = (
				FA1149B0297FA2CC00B5C8C8 /* Base */,
			);
			name = LaunchScreen.storyboard;
			sourceTree = "<group>";
		};
/* End PBXVariantGroup section */

/* Begin XCBuildConfiguration section */
		FA1149C9297FA2CC00B5C8C8 /* Debug */ = {
			isa = XCBuildConfiguration;
			buildSettings = {
				ALWAYS_SEARCH_USER_PATHS = NO;
				CLANG_ANALYZER_NONNULL = YES;
				CLANG_ANALYZER_NUMBER_OBJECT_CONVERSION = YES_AGGRESSIVE;
				CLANG_CXX_LANGUAGE_STANDARD = "gnu++20";
				CLANG_ENABLE_MODULES = YES;
				CLANG_ENABLE_OBJC_ARC = YES;
				CLANG_ENABLE_OBJC_WEAK = YES;
				CLANG_WARN_BLOCK_CAPTURE_AUTORELEASING = YES;
				CLANG_WARN_BOOL_CONVERSION = YES;
				CLANG_WARN_COMMA = YES;
				CLANG_WARN_CONSTANT_CONVERSION = YES;
				CLANG_WARN_DEPRECATED_OBJC_IMPLEMENTATIONS = YES;
				CLANG_WARN_DIRECT_OBJC_ISA_USAGE = YES_ERROR;
				CLANG_WARN_DOCUMENTATION_COMMENTS = YES;
				CLANG_WARN_EMPTY_BODY = YES;
				CLANG_WARN_ENUM_CONVERSION = YES;
				CLANG_WARN_INFINITE_RECURSION = YES;
				CLANG_WARN_INT_CONVERSION = YES;
				CLANG_WARN_NON_LITERAL_NULL_CONVERSION = YES;
				CLANG_WARN_OBJC_IMPLICIT_RETAIN_SELF = YES;
				CLANG_WARN_OBJC_LITERAL_CONVERSION = YES;
				CLANG_WARN_OBJC_ROOT_CLASS = YES_ERROR;
				CLANG_WARN_QUOTED_INCLUDE_IN_FRAMEWORK_HEADER = YES;
				CLANG_WARN_RANGE_LOOP_ANALYSIS = YES;
				CLANG_WARN_STRICT_PROTOTYPES = YES;
				CLANG_WARN_SUSPICIOUS_MOVE = YES;
				CLANG_WARN_UNGUARDED_AVAILABILITY = YES_AGGRESSIVE;
				CLANG_WARN_UNREACHABLE_CODE = YES;
				CLANG_WARN__DUPLICATE_METHOD_MATCH = YES;
				COPY_PHASE_STRIP = NO;
				DEBUG_INFORMATION_FORMAT = dwarf;
				ENABLE_STRICT_OBJC_MSGSEND = YES;
				ENABLE_TESTABILITY = YES;
				GCC_C_LANGUAGE_STANDARD = gnu11;
				GCC_DYNAMIC_NO_PIC = NO;
				GCC_NO_COMMON_BLOCKS = YES;
				GCC_OPTIMIZATION_LEVEL = 0;
				GCC_PREPROCESSOR_DEFINITIONS = (
					"DEBUG=1",
					"$(inherited)",
				);
				GCC_WARN_64_TO_32_BIT_CONVERSION = YES;
				GCC_WARN_ABOUT_RETURN_TYPE = YES_ERROR;
				GCC_WARN_UNDECLARED_SELECTOR = YES;
				GCC_WARN_UNINITIALIZED_AUTOS = YES_AGGRESSIVE;
				GCC_WARN_UNUSED_FUNCTION = YES;
				GCC_WARN_UNUSED_VARIABLE = YES;
				IPHONEOS_DEPLOYMENT_TARGET = 16.1;
				MTL_ENABLE_DEBUG_INFO = INCLUDE_SOURCE;
				MTL_FAST_MATH = YES;
				ONLY_ACTIVE_ARCH = YES;
				SDKROOT = iphoneos;
				SWIFT_ACTIVE_COMPILATION_CONDITIONS = DEBUG;
				SWIFT_OPTIMIZATION_LEVEL = "-Onone";
			};
			name = Debug;
		};
		FA1149CA297FA2CC00B5C8C8 /* Release */ = {
			isa = XCBuildConfiguration;
			buildSettings = {
				ALWAYS_SEARCH_USER_PATHS = NO;
				CLANG_ANALYZER_NONNULL = YES;
				CLANG_ANALYZER_NUMBER_OBJECT_CONVERSION = YES_AGGRESSIVE;
				CLANG_CXX_LANGUAGE_STANDARD = "gnu++20";
				CLANG_ENABLE_MODULES = YES;
				CLANG_ENABLE_OBJC_ARC = YES;
				CLANG_ENABLE_OBJC_WEAK = YES;
				CLANG_WARN_BLOCK_CAPTURE_AUTORELEASING = YES;
				CLANG_WARN_BOOL_CONVERSION = YES;
				CLANG_WARN_COMMA = YES;
				CLANG_WARN_CONSTANT_CONVERSION = YES;
				CLANG_WARN_DEPRECATED_OBJC_IMPLEMENTATIONS = YES;
				CLANG_WARN_DIRECT_OBJC_ISA_USAGE = YES_ERROR;
				CLANG_WARN_DOCUMENTATION_COMMENTS = YES;
				CLANG_WARN_EMPTY_BODY = YES;
				CLANG_WARN_ENUM_CONVERSION = YES;
				CLANG_WARN_INFINITE_RECURSION = YES;
				CLANG_WARN_INT_CONVERSION = YES;
				CLANG_WARN_NON_LITERAL_NULL_CONVERSION = YES;
				CLANG_WARN_OBJC_IMPLICIT_RETAIN_SELF = YES;
				CLANG_WARN_OBJC_LITERAL_CONVERSION = YES;
				CLANG_WARN_OBJC_ROOT_CLASS = YES_ERROR;
				CLANG_WARN_QUOTED_INCLUDE_IN_FRAMEWORK_HEADER = YES;
				CLANG_WARN_RANGE_LOOP_ANALYSIS = YES;
				CLANG_WARN_STRICT_PROTOTYPES = YES;
				CLANG_WARN_SUSPICIOUS_MOVE = YES;
				CLANG_WARN_UNGUARDED_AVAILABILITY = YES_AGGRESSIVE;
				CLANG_WARN_UNREACHABLE_CODE = YES;
				CLANG_WARN__DUPLICATE_METHOD_MATCH = YES;
				COPY_PHASE_STRIP = NO;
				DEBUG_INFORMATION_FORMAT = "dwarf-with-dsym";
				ENABLE_NS_ASSERTIONS = NO;
				ENABLE_STRICT_OBJC_MSGSEND = YES;
				GCC_C_LANGUAGE_STANDARD = gnu11;
				GCC_NO_COMMON_BLOCKS = YES;
				GCC_WARN_64_TO_32_BIT_CONVERSION = YES;
				GCC_WARN_ABOUT_RETURN_TYPE = YES_ERROR;
				GCC_WARN_UNDECLARED_SELECTOR = YES;
				GCC_WARN_UNINITIALIZED_AUTOS = YES_AGGRESSIVE;
				GCC_WARN_UNUSED_FUNCTION = YES;
				GCC_WARN_UNUSED_VARIABLE = YES;
				IPHONEOS_DEPLOYMENT_TARGET = 16.1;
				MTL_ENABLE_DEBUG_INFO = NO;
				MTL_FAST_MATH = YES;
				SDKROOT = iphoneos;
				SWIFT_COMPILATION_MODE = wholemodule;
				SWIFT_OPTIMIZATION_LEVEL = "-O";
				VALIDATE_PRODUCT = YES;
			};
			name = Release;
		};
		FA1149CC297FA2CC00B5C8C8 /* Debug */ = {
			isa = XCBuildConfiguration;
			buildSettings = {
				ASSETCATALOG_COMPILER_APPICON_NAME = AppIcon;
				ASSETCATALOG_COMPILER_GLOBAL_ACCENT_COLOR_NAME = AccentColor;
				CODE_SIGN_STYLE = Automatic;
				CURRENT_PROJECT_VERSION = 1;
				GENERATE_INFOPLIST_FILE = YES;
				INFOPLIST_FILE = iosApp/Info.plist;
				INFOPLIST_KEY_UIApplicationSupportsIndirectInputEvents = YES;
				INFOPLIST_KEY_UILaunchStoryboardName = LaunchScreen;
				INFOPLIST_KEY_UIMainStoryboardFile = Main;
				INFOPLIST_KEY_UISupportedInterfaceOrientations_iPad = "UIInterfaceOrientationPortrait UIInterfaceOrientationPortraitUpsideDown UIInterfaceOrientationLandscapeLeft UIInterfaceOrientationLandscapeRight";
				INFOPLIST_KEY_UISupportedInterfaceOrientations_iPhone = "UIInterfaceOrientationPortrait UIInterfaceOrientationLandscapeLeft UIInterfaceOrientationLandscapeRight";
				LD_RUNPATH_SEARCH_PATHS = (
					"$(inherited)",
					"@executable_path/Frameworks",
				);
				MARKETING_VERSION = 1.0;
				PRODUCT_BUNDLE_IDENTIFIER = ru.alexgladkov.iosApp;
				PRODUCT_NAME = "$(TARGET_NAME)";
				SWIFT_EMIT_LOC_STRINGS = YES;
				SWIFT_VERSION = 5.0;
				TARGETED_DEVICE_FAMILY = "1,2";
			};
			name = Debug;
		};
		FA1149CD297FA2CC00B5C8C8 /* Release */ = {
			isa = XCBuildConfiguration;
			buildSettings = {
				ASSETCATALOG_COMPILER_APPICON_NAME = AppIcon;
				ASSETCATALOG_COMPILER_GLOBAL_ACCENT_COLOR_NAME = AccentColor;
				CODE_SIGN_STYLE = Automatic;
				CURRENT_PROJECT_VERSION = 1;
				GENERATE_INFOPLIST_FILE = YES;
				INFOPLIST_FILE = iosApp/Info.plist;
				INFOPLIST_KEY_UIApplicationSupportsIndirectInputEvents = YES;
				INFOPLIST_KEY_UILaunchStoryboardName = LaunchScreen;
				INFOPLIST_KEY_UIMainStoryboardFile = Main;
				INFOPLIST_KEY_UISupportedInterfaceOrientations_iPad = "UIInterfaceOrientationPortrait UIInterfaceOrientationPortraitUpsideDown UIInterfaceOrientationLandscapeLeft UIInterfaceOrientationLandscapeRight";
				INFOPLIST_KEY_UISupportedInterfaceOrientations_iPhone = "UIInterfaceOrientationPortrait UIInterfaceOrientationLandscapeLeft UIInterfaceOrientationLandscapeRight";
				LD_RUNPATH_SEARCH_PATHS = (
					"$(inherited)",
					"@executable_path/Frameworks",
				);
				MARKETING_VERSION = 1.0;
				PRODUCT_BUNDLE_IDENTIFIER = ru.alexgladkov.iosApp;
				PRODUCT_NAME = "$(TARGET_NAME)";
				SWIFT_EMIT_LOC_STRINGS = YES;
				SWIFT_VERSION = 5.0;
				TARGETED_DEVICE_FAMILY = "1,2";
			};
			name = Release;
		};
		FA1149CF297FA2CC00B5C8C8 /* Debug */ = {
			isa = XCBuildConfiguration;
			buildSettings = {
				ALWAYS_EMBED_SWIFT_STANDARD_LIBRARIES = YES;
				BUNDLE_LOADER = "$(TEST_HOST)";
				CODE_SIGN_STYLE = Automatic;
				CURRENT_PROJECT_VERSION = 1;
				GENERATE_INFOPLIST_FILE = YES;
				IPHONEOS_DEPLOYMENT_TARGET = 16.1;
				MARKETING_VERSION = 1.0;
				PRODUCT_BUNDLE_IDENTIFIER = ru.alexgladkov.iosAppTests;
				PRODUCT_NAME = "$(TARGET_NAME)";
				SWIFT_EMIT_LOC_STRINGS = NO;
				SWIFT_VERSION = 5.0;
				TARGETED_DEVICE_FAMILY = "1,2";
				TEST_HOST = "$(BUILT_PRODUCTS_DIR)/iosApp.app/$(BUNDLE_EXECUTABLE_FOLDER_PATH)/iosApp";
			};
			name = Debug;
		};
		FA1149D0297FA2CC00B5C8C8 /* Release */ = {
			isa = XCBuildConfiguration;
			buildSettings = {
				ALWAYS_EMBED_SWIFT_STANDARD_LIBRARIES = YES;
				BUNDLE_LOADER = "$(TEST_HOST)";
				CODE_SIGN_STYLE = Automatic;
				CURRENT_PROJECT_VERSION = 1;
				GENERATE_INFOPLIST_FILE = YES;
				IPHONEOS_DEPLOYMENT_TARGET = 16.1;
				MARKETING_VERSION = 1.0;
				PRODUCT_BUNDLE_IDENTIFIER = ru.alexgladkov.iosAppTests;
				PRODUCT_NAME = "$(TARGET_NAME)";
				SWIFT_EMIT_LOC_STRINGS = NO;
				SWIFT_VERSION = 5.0;
				TARGETED_DEVICE_FAMILY = "1,2";
				TEST_HOST = "$(BUILT_PRODUCTS_DIR)/iosApp.app/$(BUNDLE_EXECUTABLE_FOLDER_PATH)/iosApp";
			};
			name = Release;
		};
		FA1149D2297FA2CC00B5C8C8 /* Debug */ = {
			isa = XCBuildConfiguration;
			buildSettings = {
				ALWAYS_EMBED_SWIFT_STANDARD_LIBRARIES = YES;
				CODE_SIGN_STYLE = Automatic;
				CURRENT_PROJECT_VERSION = 1;
				GENERATE_INFOPLIST_FILE = YES;
				MARKETING_VERSION = 1.0;
				PRODUCT_BUNDLE_IDENTIFIER = ru.alexgladkov.iosAppUITests;
				PRODUCT_NAME = "$(TARGET_NAME)";
				SWIFT_EMIT_LOC_STRINGS = NO;
				SWIFT_VERSION = 5.0;
				TARGETED_DEVICE_FAMILY = "1,2";
				TEST_TARGET_NAME = iosApp;
			};
			name = Debug;
		};
		FA1149D3297FA2CC00B5C8C8 /* Release */ = {
			isa = XCBuildConfiguration;
			buildSettings = {
				ALWAYS_EMBED_SWIFT_STANDARD_LIBRARIES = YES;
				CODE_SIGN_STYLE = Automatic;
				CURRENT_PROJECT_VERSION = 1;
				GENERATE_INFOPLIST_FILE = YES;
				MARKETING_VERSION = 1.0;
				PRODUCT_BUNDLE_IDENTIFIER = ru.alexgladkov.iosAppUITests;
				PRODUCT_NAME = "$(TARGET_NAME)";
				SWIFT_EMIT_LOC_STRINGS = NO;
				SWIFT_VERSION = 5.0;
				TARGETED_DEVICE_FAMILY = "1,2";
				TEST_TARGET_NAME = iosApp;
			};
			name = Release;
		};
/* End XCBuildConfiguration section */

/* Begin XCConfigurationList section */
		FA11499C297FA2CB00B5C8C8 /* Build configuration list for PBXProject "iosApp" */ = {
			isa = XCConfigurationList;
			buildConfigurations = (
				FA1149C9297FA2CC00B5C8C8 /* Debug */,
				FA1149CA297FA2CC00B5C8C8 /* Release */,
			);
			defaultConfigurationIsVisible = 0;
			defaultConfigurationName = Release;
		};
		FA1149CB297FA2CC00B5C8C8 /* Build configuration list for PBXNativeTarget "iosApp" */ = {
			isa = XCConfigurationList;
			buildConfigurations = (
				FA1149CC297FA2CC00B5C8C8 /* Debug */,
				FA1149CD297FA2CC00B5C8C8 /* Release */,
			);
			defaultConfigurationIsVisible = 0;
			defaultConfigurationName = Release;
		};
		FA1149CE297FA2CC00B5C8C8 /* Build configuration list for PBXNativeTarget "iosAppTests" */ = {
			isa = XCConfigurationList;
			buildConfigurations = (
				FA1149CF297FA2CC00B5C8C8 /* Debug */,
				FA1149D0297FA2CC00B5C8C8 /* Release */,
			);
			defaultConfigurationIsVisible = 0;
			defaultConfigurationName = Release;
		};
		FA1149D1297FA2CC00B5C8C8 /* Build configuration list for PBXNativeTarget "iosAppUITests" */ = {
			isa = XCConfigurationList;
			buildConfigurations = (
				FA1149D2297FA2CC00B5C8C8 /* Debug */,
				FA1149D3297FA2CC00B5C8C8 /* Release */,
			);
			defaultConfigurationIsVisible = 0;
			defaultConfigurationName = Release;
		};
/* End XCConfigurationList section */
	};
	rootObject = FA114999297FA2CB00B5C8C8 /* Project object */;
}
